// !$*UTF8*$!
{
	archiveVersion = 1;
	classes = {
	};
	objectVersion = 50;
	objects = {

/* Begin PBXBuildFile section */
		F26E89AB24D5523B00A78391 /* Integer.swift in Sources */ = {isa = PBXBuildFile; fileRef = F26E89AA24D5523B00A78391 /* Integer.swift */; };
		F26E89AD24D5ABFC00A78391 /* IntegerView.swift in Sources */ = {isa = PBXBuildFile; fileRef = F26E89AC24D5ABFC00A78391 /* IntegerView.swift */; };
		F26E89AF24D5C38E00A78391 /* ResultView.swift in Sources */ = {isa = PBXBuildFile; fileRef = F26E89AE24D5C38E00A78391 /* ResultView.swift */; };
		F26E89B124D5C48300A78391 /* BinaryOperator.swift in Sources */ = {isa = PBXBuildFile; fileRef = F26E89B024D5C48300A78391 /* BinaryOperator.swift */; };
		F2E0862724D4710D00B5BE8A /* AppDelegate.swift in Sources */ = {isa = PBXBuildFile; fileRef = F2E0862624D4710D00B5BE8A /* AppDelegate.swift */; };
		F2E0862924D4710D00B5BE8A /* ContentView.swift in Sources */ = {isa = PBXBuildFile; fileRef = F2E0862824D4710D00B5BE8A /* ContentView.swift */; };
		F2E0862B24D4711900B5BE8A /* Assets.xcassets in Resources */ = {isa = PBXBuildFile; fileRef = F2E0862A24D4711900B5BE8A /* Assets.xcassets */; };
		F2E0862E24D4711900B5BE8A /* Preview Assets.xcassets in Resources */ = {isa = PBXBuildFile; fileRef = F2E0862D24D4711900B5BE8A /* Preview Assets.xcassets */; };
		F2E0863124D4711900B5BE8A /* Main.storyboard in Resources */ = {isa = PBXBuildFile; fileRef = F2E0862F24D4711900B5BE8A /* Main.storyboard */; };
/* End PBXBuildFile section */

/* Begin PBXFileReference section */
		F26E89AA24D5523B00A78391 /* Integer.swift */ = {isa = PBXFileReference; lastKnownFileType = sourcecode.swift; path = Integer.swift; sourceTree = "<group>"; };
		F26E89AC24D5ABFC00A78391 /* IntegerView.swift */ = {isa = PBXFileReference; lastKnownFileType = sourcecode.swift; path = IntegerView.swift; sourceTree = "<group>"; };
		F26E89AE24D5C38E00A78391 /* ResultView.swift */ = {isa = PBXFileReference; lastKnownFileType = sourcecode.swift; path = ResultView.swift; sourceTree = "<group>"; };
		F26E89B024D5C48300A78391 /* BinaryOperator.swift */ = {isa = PBXFileReference; lastKnownFileType = sourcecode.swift; path = BinaryOperator.swift; sourceTree = "<group>"; };
		F2E0862324D4710D00B5BE8A /* Hexadec.app */ = {isa = PBXFileReference; explicitFileType = wrapper.application; includeInIndex = 0; path = Hexadec.app; sourceTree = BUILT_PRODUCTS_DIR; };
		F2E0862624D4710D00B5BE8A /* AppDelegate.swift */ = {isa = PBXFileReference; lastKnownFileType = sourcecode.swift; path = AppDelegate.swift; sourceTree = "<group>"; };
		F2E0862824D4710D00B5BE8A /* ContentView.swift */ = {isa = PBXFileReference; lastKnownFileType = sourcecode.swift; path = ContentView.swift; sourceTree = "<group>"; };
		F2E0862A24D4711900B5BE8A /* Assets.xcassets */ = {isa = PBXFileReference; lastKnownFileType = folder.assetcatalog; path = Assets.xcassets; sourceTree = "<group>"; };
		F2E0862D24D4711900B5BE8A /* Preview Assets.xcassets */ = {isa = PBXFileReference; lastKnownFileType = folder.assetcatalog; path = "Preview Assets.xcassets"; sourceTree = "<group>"; };
		F2E0863024D4711900B5BE8A /* Base */ = {isa = PBXFileReference; lastKnownFileType = file.storyboard; name = Base; path = Base.lproj/Main.storyboard; sourceTree = "<group>"; };
		F2E0863224D4711900B5BE8A /* Info.plist */ = {isa = PBXFileReference; lastKnownFileType = text.plist.xml; path = Info.plist; sourceTree = "<group>"; };
		F2E0863324D4711900B5BE8A /* Hexadec.entitlements */ = {isa = PBXFileReference; lastKnownFileType = text.plist.entitlements; path = Hexadec.entitlements; sourceTree = "<group>"; };
/* End PBXFileReference section */

/* Begin PBXFrameworksBuildPhase section */
		F2E0862024D4710D00B5BE8A /* Frameworks */ = {
			isa = PBXFrameworksBuildPhase;
			buildActionMask = 2147483647;
			files = (
			);
			runOnlyForDeploymentPostprocessing = 0;
		};
/* End PBXFrameworksBuildPhase section */

/* Begin PBXGroup section */
		F2E0861A24D4710D00B5BE8A = {
			isa = PBXGroup;
			children = (
				F2E0862524D4710D00B5BE8A /* Hexadec */,
				F2E0862424D4710D00B5BE8A /* Products */,
			);
			sourceTree = "<group>";
		};
		F2E0862424D4710D00B5BE8A /* Products */ = {
			isa = PBXGroup;
			children = (
				F2E0862324D4710D00B5BE8A /* Hexadec.app */,
			);
			name = Products;
			sourceTree = "<group>";
		};
		F2E0862524D4710D00B5BE8A /* Hexadec */ = {
			isa = PBXGroup;
			children = (
				F2E0862624D4710D00B5BE8A /* AppDelegate.swift */,
				F2E0862824D4710D00B5BE8A /* ContentView.swift */,
				F26E89AA24D5523B00A78391 /* Integer.swift */,
				F26E89AC24D5ABFC00A78391 /* IntegerView.swift */,
				F26E89AE24D5C38E00A78391 /* ResultView.swift */,
				F26E89B024D5C48300A78391 /* BinaryOperator.swift */,
				F2E0862A24D4711900B5BE8A /* Assets.xcassets */,
				F2E0862F24D4711900B5BE8A /* Main.storyboard */,
				F2E0863224D4711900B5BE8A /* Info.plist */,
				F2E0863324D4711900B5BE8A /* Hexadec.entitlements */,
				F2E0862C24D4711900B5BE8A /* Preview Content */,
			);
			path = Hexadec;
			sourceTree = "<group>";
		};
		F2E0862C24D4711900B5BE8A /* Preview Content */ = {
			isa = PBXGroup;
			children = (
				F2E0862D24D4711900B5BE8A /* Preview Assets.xcassets */,
			);
			path = "Preview Content";
			sourceTree = "<group>";
		};
/* End PBXGroup section */

/* Begin PBXNativeTarget section */
		F2E0862224D4710D00B5BE8A /* Hexadec */ = {
			isa = PBXNativeTarget;
			buildConfigurationList = F2E0863624D4711900B5BE8A /* Build configuration list for PBXNativeTarget "Hexadec" */;
			buildPhases = (
				F2E0861F24D4710D00B5BE8A /* Sources */,
				F2E0862024D4710D00B5BE8A /* Frameworks */,
				F2E0862124D4710D00B5BE8A /* Resources */,
			);
			buildRules = (
			);
			dependencies = (
			);
			name = Hexadec;
			productName = Hexadec;
			productReference = F2E0862324D4710D00B5BE8A /* Hexadec.app */;
			productType = "com.apple.product-type.application";
		};
/* End PBXNativeTarget section */

/* Begin PBXProject section */
		F2E0861B24D4710D00B5BE8A /* Project object */ = {
			isa = PBXProject;
			attributes = {
				LastSwiftUpdateCheck = 1150;
				LastUpgradeCheck = 1150;
				ORGANIZATIONNAME = dasdom;
				TargetAttributes = {
					F2E0862224D4710D00B5BE8A = {
						CreatedOnToolsVersion = 11.5;
					};
				};
			};
			buildConfigurationList = F2E0861E24D4710D00B5BE8A /* Build configuration list for PBXProject "Hexadec" */;
			compatibilityVersion = "Xcode 9.3";
			developmentRegion = en;
			hasScannedForEncodings = 0;
			knownRegions = (
				en,
				Base,
			);
			mainGroup = F2E0861A24D4710D00B5BE8A;
			productRefGroup = F2E0862424D4710D00B5BE8A /* Products */;
			projectDirPath = "";
			projectRoot = "";
			targets = (
				F2E0862224D4710D00B5BE8A /* Hexadec */,
			);
		};
/* End PBXProject section */

/* Begin PBXResourcesBuildPhase section */
		F2E0862124D4710D00B5BE8A /* Resources */ = {
			isa = PBXResourcesBuildPhase;
			buildActionMask = 2147483647;
			files = (
				F2E0863124D4711900B5BE8A /* Main.storyboard in Resources */,
				F2E0862E24D4711900B5BE8A /* Preview Assets.xcassets in Resources */,
				F2E0862B24D4711900B5BE8A /* Assets.xcassets in Resources */,
			);
			runOnlyForDeploymentPostprocessing = 0;
		};
/* End PBXResourcesBuildPhase section */

/* Begin PBXSourcesBuildPhase section */
		F2E0861F24D4710D00B5BE8A /* Sources */ = {
			isa = PBXSourcesBuildPhase;
			buildActionMask = 2147483647;
			files = (
				F26E89AB24D5523B00A78391 /* Integer.swift in Sources */,
				F26E89AD24D5ABFC00A78391 /* IntegerView.swift in Sources */,
				F26E89B124D5C48300A78391 /* BinaryOperator.swift in Sources */,
				F26E89AF24D5C38E00A78391 /* ResultView.swift in Sources */,
				F2E0862924D4710D00B5BE8A /* ContentView.swift in Sources */,
				F2E0862724D4710D00B5BE8A /* AppDelegate.swift in Sources */,
			);
			runOnlyForDeploymentPostprocessing = 0;
		};
/* End PBXSourcesBuildPhase section */

/* Begin PBXVariantGroup section */
		F2E0862F24D4711900B5BE8A /* Main.storyboard */ = {
			isa = PBXVariantGroup;
			children = (
				F2E0863024D4711900B5BE8A /* Base */,
			);
			name = Main.storyboard;
			sourceTree = "<group>";
		};
/* End PBXVariantGroup section */

/* Begin XCBuildConfiguration section */
		F2E0863424D4711900B5BE8A /* Debug */ = {
			isa = XCBuildConfiguration;
			buildSettings = {
				ALWAYS_SEARCH_USER_PATHS = NO;
				CLANG_ANALYZER_NONNULL = YES;
				CLANG_ANALYZER_NUMBER_OBJECT_CONVERSION = YES_AGGRESSIVE;
				CLANG_CXX_LANGUAGE_STANDARD = "gnu++14";
				CLANG_CXX_LIBRARY = "libc++";
				CLANG_ENABLE_MODULES = YES;
				CLANG_ENABLE_OBJC_ARC = YES;
				CLANG_ENABLE_OBJC_WEAK = YES;
				CLANG_WARN_BLOCK_CAPTURE_AUTORELEASING = YES;
				CLANG_WARN_BOOL_CONVERSION = YES;
				CLANG_WARN_COMMA = YES;
				CLANG_WARN_CONSTANT_CONVERSION = YES;
				CLANG_WARN_DEPRECATED_OBJC_IMPLEMENTATIONS = YES;
				CLANG_WARN_DIRECT_OBJC_ISA_USAGE = YES_ERROR;
				CLANG_WARN_DOCUMENTATION_COMMENTS = YES;
				CLANG_WARN_EMPTY_BODY = YES;
				CLANG_WARN_ENUM_CONVERSION = YES;
				CLANG_WARN_INFINITE_RECURSION = YES;
				CLANG_WARN_INT_CONVERSION = YES;
				CLANG_WARN_NON_LITERAL_NULL_CONVERSION = YES;
				CLANG_WARN_OBJC_IMPLICIT_RETAIN_SELF = YES;
				CLANG_WARN_OBJC_LITERAL_CONVERSION = YES;
				CLANG_WARN_OBJC_ROOT_CLASS = YES_ERROR;
				CLANG_WARN_RANGE_LOOP_ANALYSIS = YES;
				CLANG_WARN_STRICT_PROTOTYPES = YES;
				CLANG_WARN_SUSPICIOUS_MOVE = YES;
				CLANG_WARN_UNGUARDED_AVAILABILITY = YES_AGGRESSIVE;
				CLANG_WARN_UNREACHABLE_CODE = YES;
				CLANG_WARN__DUPLICATE_METHOD_MATCH = YES;
				COPY_PHASE_STRIP = NO;
				DEBUG_INFORMATION_FORMAT = dwarf;
				ENABLE_STRICT_OBJC_MSGSEND = YES;
				ENABLE_TESTABILITY = YES;
				GCC_C_LANGUAGE_STANDARD = gnu11;
				GCC_DYNAMIC_NO_PIC = NO;
				GCC_NO_COMMON_BLOCKS = YES;
				GCC_OPTIMIZATION_LEVEL = 0;
				GCC_PREPROCESSOR_DEFINITIONS = (
					"DEBUG=1",
					"$(inherited)",
				);
				GCC_WARN_64_TO_32_BIT_CONVERSION = YES;
				GCC_WARN_ABOUT_RETURN_TYPE = YES_ERROR;
				GCC_WARN_UNDECLARED_SELECTOR = YES;
				GCC_WARN_UNINITIALIZED_AUTOS = YES_AGGRESSIVE;
				GCC_WARN_UNUSED_FUNCTION = YES;
				GCC_WARN_UNUSED_VARIABLE = YES;
				MACOSX_DEPLOYMENT_TARGET = 10.15;
				MTL_ENABLE_DEBUG_INFO = INCLUDE_SOURCE;
				MTL_FAST_MATH = YES;
				ONLY_ACTIVE_ARCH = YES;
				SDKROOT = macosx;
				SWIFT_ACTIVE_COMPILATION_CONDITIONS = DEBUG;
				SWIFT_OPTIMIZATION_LEVEL = "-Onone";
			};
			name = Debug;
		};
		F2E0863524D4711900B5BE8A /* Release */ = {
			isa = XCBuildConfiguration;
			buildSettings = {
				ALWAYS_SEARCH_USER_PATHS = NO;
				CLANG_ANALYZER_NONNULL = YES;
				CLANG_ANALYZER_NUMBER_OBJECT_CONVERSION = YES_AGGRESSIVE;
				CLANG_CXX_LANGUAGE_STANDARD = "gnu++14";
				CLANG_CXX_LIBRARY = "libc++";
				CLANG_ENABLE_MODULES = YES;
				CLANG_ENABLE_OBJC_ARC = YES;
				CLANG_ENABLE_OBJC_WEAK = YES;
				CLANG_WARN_BLOCK_CAPTURE_AUTORELEASING = YES;
				CLANG_WARN_BOOL_CONVERSION = YES;
				CLANG_WARN_COMMA = YES;
				CLANG_WARN_CONSTANT_CONVERSION = YES;
				CLANG_WARN_DEPRECATED_OBJC_IMPLEMENTATIONS = YES;
				CLANG_WARN_DIRECT_OBJC_ISA_USAGE = YES_ERROR;
				CLANG_WARN_DOCUMENTATION_COMMENTS = YES;
				CLANG_WARN_EMPTY_BODY = YES;
				CLANG_WARN_ENUM_CONVERSION = YES;
				CLANG_WARN_INFINITE_RECURSION = YES;
				CLANG_WARN_INT_CONVERSION = YES;
				CLANG_WARN_NON_LITERAL_NULL_CONVERSION = YES;
				CLANG_WARN_OBJC_IMPLICIT_RETAIN_SELF = YES;
				CLANG_WARN_OBJC_LITERAL_CONVERSION = YES;
				CLANG_WARN_OBJC_ROOT_CLASS = YES_ERROR;
				CLANG_WARN_RANGE_LOOP_ANALYSIS = YES;
				CLANG_WARN_STRICT_PROTOTYPES = YES;
				CLANG_WARN_SUSPICIOUS_MOVE = YES;
				CLANG_WARN_UNGUARDED_AVAILABILITY = YES_AGGRESSIVE;
				CLANG_WARN_UNREACHABLE_CODE = YES;
				CLANG_WARN__DUPLICATE_METHOD_MATCH = YES;
				COPY_PHASE_STRIP = NO;
				DEBUG_INFORMATION_FORMAT = "dwarf-with-dsym";
				ENABLE_NS_ASSERTIONS = NO;
				ENABLE_STRICT_OBJC_MSGSEND = YES;
				GCC_C_LANGUAGE_STANDARD = gnu11;
				GCC_NO_COMMON_BLOCKS = YES;
				GCC_WARN_64_TO_32_BIT_CONVERSION = YES;
				GCC_WARN_ABOUT_RETURN_TYPE = YES_ERROR;
				GCC_WARN_UNDECLARED_SELECTOR = YES;
				GCC_WARN_UNINITIALIZED_AUTOS = YES_AGGRESSIVE;
				GCC_WARN_UNUSED_FUNCTION = YES;
				GCC_WARN_UNUSED_VARIABLE = YES;
				MACOSX_DEPLOYMENT_TARGET = 10.15;
				MTL_ENABLE_DEBUG_INFO = NO;
				MTL_FAST_MATH = YES;
				SDKROOT = macosx;
				SWIFT_COMPILATION_MODE = wholemodule;
				SWIFT_OPTIMIZATION_LEVEL = "-O";
			};
			name = Release;
		};
		F2E0863724D4711900B5BE8A /* Debug */ = {
			isa = XCBuildConfiguration;
			buildSettings = {
				ASSETCATALOG_COMPILER_APPICON_NAME = AppIcon;
				CODE_SIGN_ENTITLEMENTS = Hexadec/Hexadec.entitlements;
				CODE_SIGN_STYLE = Automatic;
				COMBINE_HIDPI_IMAGES = YES;
				DEVELOPMENT_ASSET_PATHS = "\"Hexadec/Preview Content\"";
				DEVELOPMENT_TEAM = Q6PD97MRX4;
				ENABLE_HARDENED_RUNTIME = YES;
				ENABLE_PREVIEWS = YES;
				INFOPLIST_FILE = Hexadec/Info.plist;
				LD_RUNPATH_SEARCH_PATHS = (
					"$(inherited)",
					"@executable_path/../Frameworks",
				);
				MACOSX_DEPLOYMENT_TARGET = 10.15;
				PRODUCT_BUNDLE_IDENTIFIER = de.dasdom.Hexadec;
				PRODUCT_NAME = "$(TARGET_NAME)";
				SWIFT_VERSION = 5.0;
			};
			name = Debug;
		};
		F2E0863824D4711900B5BE8A /* Release */ = {
			isa = XCBuildConfiguration;
			buildSettings = {
				ASSETCATALOG_COMPILER_APPICON_NAME = AppIcon;
				CODE_SIGN_ENTITLEMENTS = Hexadec/Hexadec.entitlements;
				CODE_SIGN_STYLE = Automatic;
				COMBINE_HIDPI_IMAGES = YES;
				DEVELOPMENT_ASSET_PATHS = "\"Hexadec/Preview Content\"";
				DEVELOPMENT_TEAM = Q6PD97MRX4;
				ENABLE_HARDENED_RUNTIME = YES;
				ENABLE_PREVIEWS = YES;
				INFOPLIST_FILE = Hexadec/Info.plist;
				LD_RUNPATH_SEARCH_PATHS = (
					"$(inherited)",
					"@executable_path/../Frameworks",
				);
				MACOSX_DEPLOYMENT_TARGET = 10.15;
				PRODUCT_BUNDLE_IDENTIFIER = de.dasdom.Hexadec;
				PRODUCT_NAME = "$(TARGET_NAME)";
				SWIFT_VERSION = 5.0;
			};
			name = Release;
		};
/* End XCBuildConfiguration section */

/* Begin XCConfigurationList section */
		F2E0861E24D4710D00B5BE8A /* Build configuration list for PBXProject "Hexadec" */ = {
			isa = XCConfigurationList;
			buildConfigurations = (
				F2E0863424D4711900B5BE8A /* Debug */,
				F2E0863524D4711900B5BE8A /* Release */,
			);
			defaultConfigurationIsVisible = 0;
			defaultConfigurationName = Release;
		};
		F2E0863624D4711900B5BE8A /* Build configuration list for PBXNativeTarget "Hexadec" */ = {
			isa = XCConfigurationList;
			buildConfigurations = (
				F2E0863724D4711900B5BE8A /* Debug */,
				F2E0863824D4711900B5BE8A /* Release */,
			);
			defaultConfigurationIsVisible = 0;
			defaultConfigurationName = Release;
		};
/* End XCConfigurationList section */
	};
	rootObject = F2E0861B24D4710D00B5BE8A /* Project object */;
}
